// !$*UTF8*$!
{
	archiveVersion = 1;
	classes = {
	};
	objectVersion = 51;
	objects = {

/* Begin PBXBuildFile section */
		015331D4354406BC216214BE /* Pods_Parstagram.framework in Frameworks */ = {isa = PBXBuildFile; fileRef = 6DD88FBD264635C95C6B5125 /* Pods_Parstagram.framework */; };
		12054809240A19650038DC44 /* CommentCell.swift in Sources */ = {isa = PBXBuildFile; fileRef = 12054808240A19650038DC44 /* CommentCell.swift */; };
		127CD52524074E85009E3951 /* AppDelegate.swift in Sources */ = {isa = PBXBuildFile; fileRef = 127CD52424074E85009E3951 /* AppDelegate.swift */; };
		127CD52724074E85009E3951 /* SceneDelegate.swift in Sources */ = {isa = PBXBuildFile; fileRef = 127CD52624074E85009E3951 /* SceneDelegate.swift */; };
		127CD52C24074E85009E3951 /* Main.storyboard in Resources */ = {isa = PBXBuildFile; fileRef = 127CD52A24074E85009E3951 /* Main.storyboard */; };
		127CD52E24074E8C009E3951 /* Assets.xcassets in Resources */ = {isa = PBXBuildFile; fileRef = 127CD52D24074E8C009E3951 /* Assets.xcassets */; };
		127CD53124074E8C009E3951 /* LaunchScreen.storyboard in Resources */ = {isa = PBXBuildFile; fileRef = 127CD52F24074E8C009E3951 /* LaunchScreen.storyboard */; };
		127CD53C24074E8C009E3951 /* ParstagramTests.swift in Sources */ = {isa = PBXBuildFile; fileRef = 127CD53B24074E8C009E3951 /* ParstagramTests.swift */; };
		127CD54724074E8C009E3951 /* ParstagramUITests.swift in Sources */ = {isa = PBXBuildFile; fileRef = 127CD54624074E8C009E3951 /* ParstagramUITests.swift */; };
		12BF9A91240769BD001976CF /* LoginViewController.swift in Sources */ = {isa = PBXBuildFile; fileRef = 12BF9A90240769BD001976CF /* LoginViewController.swift */; };
		12BF9A93240769D4001976CF /* FeedViewController.swift in Sources */ = {isa = PBXBuildFile; fileRef = 12BF9A92240769D3001976CF /* FeedViewController.swift */; };
		12BF9A9524077EAC001976CF /* CameraViewController.swift in Sources */ = {isa = PBXBuildFile; fileRef = 12BF9A9424077EAC001976CF /* CameraViewController.swift */; };
		12BF9A972407A3FE001976CF /* PostCell.swift in Sources */ = {isa = PBXBuildFile; fileRef = 12BF9A962407A3FE001976CF /* PostCell.swift */; };
		60C1CE0AE72554EF46A701CD /* Pods_ParstagramTests.framework in Frameworks */ = {isa = PBXBuildFile; fileRef = 278B5EE35D0D71F306C42E6A /* Pods_ParstagramTests.framework */; };
		9D84E2A7C9032D066C21E903 /* Pods_Parstagram_ParstagramUITests.framework in Frameworks */ = {isa = PBXBuildFile; fileRef = 7B8C7E9E48727521C9C36CE3 /* Pods_Parstagram_ParstagramUITests.framework */; };
/* End PBXBuildFile section */

/* Begin PBXContainerItemProxy section */
		127CD53824074E8C009E3951 /* PBXContainerItemProxy */ = {
			isa = PBXContainerItemProxy;
			containerPortal = 127CD51924074E85009E3951 /* Project object */;
			proxyType = 1;
			remoteGlobalIDString = 127CD52024074E85009E3951;
			remoteInfo = Parstagram;
		};
		127CD54324074E8C009E3951 /* PBXContainerItemProxy */ = {
			isa = PBXContainerItemProxy;
			containerPortal = 127CD51924074E85009E3951 /* Project object */;
			proxyType = 1;
			remoteGlobalIDString = 127CD52024074E85009E3951;
			remoteInfo = Parstagram;
		};
/* End PBXContainerItemProxy section */

/* Begin PBXFileReference section */
		12054808240A19650038DC44 /* CommentCell.swift */ = {isa = PBXFileReference; lastKnownFileType = sourcecode.swift; path = CommentCell.swift; sourceTree = "<group>"; };
		127CD52124074E85009E3951 /* Parstagram.app */ = {isa = PBXFileReference; explicitFileType = wrapper.application; includeInIndex = 0; path = Parstagram.app; sourceTree = BUILT_PRODUCTS_DIR; };
		127CD52424074E85009E3951 /* AppDelegate.swift */ = {isa = PBXFileReference; lastKnownFileType = sourcecode.swift; path = AppDelegate.swift; sourceTree = "<group>"; };
		127CD52624074E85009E3951 /* SceneDelegate.swift */ = {isa = PBXFileReference; lastKnownFileType = sourcecode.swift; path = SceneDelegate.swift; sourceTree = "<group>"; };
		127CD52B24074E85009E3951 /* Base */ = {isa = PBXFileReference; lastKnownFileType = file.storyboard; name = Base; path = Base.lproj/Main.storyboard; sourceTree = "<group>"; };
		127CD52D24074E8C009E3951 /* Assets.xcassets */ = {isa = PBXFileReference; lastKnownFileType = folder.assetcatalog; path = Assets.xcassets; sourceTree = "<group>"; };
		127CD53024074E8C009E3951 /* Base */ = {isa = PBXFileReference; lastKnownFileType = file.storyboard; name = Base; path = Base.lproj/LaunchScreen.storyboard; sourceTree = "<group>"; };
		127CD53224074E8C009E3951 /* Info.plist */ = {isa = PBXFileReference; lastKnownFileType = text.plist.xml; path = Info.plist; sourceTree = "<group>"; };
		127CD53724074E8C009E3951 /* ParstagramTests.xctest */ = {isa = PBXFileReference; explicitFileType = wrapper.cfbundle; includeInIndex = 0; path = ParstagramTests.xctest; sourceTree = BUILT_PRODUCTS_DIR; };
		127CD53B24074E8C009E3951 /* ParstagramTests.swift */ = {isa = PBXFileReference; lastKnownFileType = sourcecode.swift; path = ParstagramTests.swift; sourceTree = "<group>"; };
		127CD53D24074E8C009E3951 /* Info.plist */ = {isa = PBXFileReference; lastKnownFileType = text.plist.xml; path = Info.plist; sourceTree = "<group>"; };
		127CD54224074E8C009E3951 /* ParstagramUITests.xctest */ = {isa = PBXFileReference; explicitFileType = wrapper.cfbundle; includeInIndex = 0; path = ParstagramUITests.xctest; sourceTree = BUILT_PRODUCTS_DIR; };
		127CD54624074E8C009E3951 /* ParstagramUITests.swift */ = {isa = PBXFileReference; lastKnownFileType = sourcecode.swift; path = ParstagramUITests.swift; sourceTree = "<group>"; };
		127CD54824074E8C009E3951 /* Info.plist */ = {isa = PBXFileReference; lastKnownFileType = text.plist.xml; path = Info.plist; sourceTree = "<group>"; };
		12BF9A90240769BD001976CF /* LoginViewController.swift */ = {isa = PBXFileReference; lastKnownFileType = sourcecode.swift; path = LoginViewController.swift; sourceTree = "<group>"; };
		12BF9A92240769D3001976CF /* FeedViewController.swift */ = {isa = PBXFileReference; lastKnownFileType = sourcecode.swift; path = FeedViewController.swift; sourceTree = "<group>"; };
		12BF9A9424077EAC001976CF /* CameraViewController.swift */ = {isa = PBXFileReference; lastKnownFileType = sourcecode.swift; path = CameraViewController.swift; sourceTree = "<group>"; };
		12BF9A962407A3FE001976CF /* PostCell.swift */ = {isa = PBXFileReference; lastKnownFileType = sourcecode.swift; path = PostCell.swift; sourceTree = "<group>"; };
		278B5EE35D0D71F306C42E6A /* Pods_ParstagramTests.framework */ = {isa = PBXFileReference; explicitFileType = wrapper.framework; includeInIndex = 0; path = Pods_ParstagramTests.framework; sourceTree = BUILT_PRODUCTS_DIR; };
		3ACFE2CCF95DED9A5801137B /* Pods-Parstagram.debug.xcconfig */ = {isa = PBXFileReference; includeInIndex = 1; lastKnownFileType = text.xcconfig; name = "Pods-Parstagram.debug.xcconfig"; path = "Target Support Files/Pods-Parstagram/Pods-Parstagram.debug.xcconfig"; sourceTree = "<group>"; };
		45055489E43D57DDB869C024 /* Pods-ParstagramTests.release.xcconfig */ = {isa = PBXFileReference; includeInIndex = 1; lastKnownFileType = text.xcconfig; name = "Pods-ParstagramTests.release.xcconfig"; path = "Target Support Files/Pods-ParstagramTests/Pods-ParstagramTests.release.xcconfig"; sourceTree = "<group>"; };
		6DD88FBD264635C95C6B5125 /* Pods_Parstagram.framework */ = {isa = PBXFileReference; explicitFileType = wrapper.framework; includeInIndex = 0; path = Pods_Parstagram.framework; sourceTree = BUILT_PRODUCTS_DIR; };
		77E12C45A25B9F4173B46259 /* Pods-Parstagram-ParstagramUITests.release.xcconfig */ = {isa = PBXFileReference; includeInIndex = 1; lastKnownFileType = text.xcconfig; name = "Pods-Parstagram-ParstagramUITests.release.xcconfig"; path = "Target Support Files/Pods-Parstagram-ParstagramUITests/Pods-Parstagram-ParstagramUITests.release.xcconfig"; sourceTree = "<group>"; };
		7AAC7807008054D6FC9D5639 /* Pods-Parstagram.release.xcconfig */ = {isa = PBXFileReference; includeInIndex = 1; lastKnownFileType = text.xcconfig; name = "Pods-Parstagram.release.xcconfig"; path = "Target Support Files/Pods-Parstagram/Pods-Parstagram.release.xcconfig"; sourceTree = "<group>"; };
		7B8C7E9E48727521C9C36CE3 /* Pods_Parstagram_ParstagramUITests.framework */ = {isa = PBXFileReference; explicitFileType = wrapper.framework; includeInIndex = 0; path = Pods_Parstagram_ParstagramUITests.framework; sourceTree = BUILT_PRODUCTS_DIR; };
		A19C817800D6E25E5DCC34F8 /* Pods-Parstagram-ParstagramUITests.debug.xcconfig */ = {isa = PBXFileReference; includeInIndex = 1; lastKnownFileType = text.xcconfig; name = "Pods-Parstagram-ParstagramUITests.debug.xcconfig"; path = "Target Support Files/Pods-Parstagram-ParstagramUITests/Pods-Parstagram-ParstagramUITests.debug.xcconfig"; sourceTree = "<group>"; };
		FFAE15E6C8FA0C5DAFCD54AF /* Pods-ParstagramTests.debug.xcconfig */ = {isa = PBXFileReference; includeInIndex = 1; lastKnownFileType = text.xcconfig; name = "Pods-ParstagramTests.debug.xcconfig"; path = "Target Support Files/Pods-ParstagramTests/Pods-ParstagramTests.debug.xcconfig"; sourceTree = "<group>"; };
/* End PBXFileReference section */

/* Begin PBXFrameworksBuildPhase section */
		127CD51E24074E85009E3951 /* Frameworks */ = {
			isa = PBXFrameworksBuildPhase;
			buildActionMask = 2147483647;
			files = (
				015331D4354406BC216214BE /* Pods_Parstagram.framework in Frameworks */,
			);
			runOnlyForDeploymentPostprocessing = 0;
		};
		127CD53424074E8C009E3951 /* Frameworks */ = {
			isa = PBXFrameworksBuildPhase;
			buildActionMask = 2147483647;
			files = (
				60C1CE0AE72554EF46A701CD /* Pods_ParstagramTests.framework in Frameworks */,
			);
			runOnlyForDeploymentPostprocessing = 0;
		};
		127CD53F24074E8C009E3951 /* Frameworks */ = {
			isa = PBXFrameworksBuildPhase;
			buildActionMask = 2147483647;
			files = (
				9D84E2A7C9032D066C21E903 /* Pods_Parstagram_ParstagramUITests.framework in Frameworks */,
			);
			runOnlyForDeploymentPostprocessing = 0;
		};
/* End PBXFrameworksBuildPhase section */

/* Begin PBXGroup section */
		127CD51824074E85009E3951 = {
			isa = PBXGroup;
			children = (
				127CD52324074E85009E3951 /* Parstagram */,
				127CD53A24074E8C009E3951 /* ParstagramTests */,
				127CD54524074E8C009E3951 /* ParstagramUITests */,
				127CD52224074E85009E3951 /* Products */,
				92B76D6D0ED4D01884F2264D /* Pods */,
				874883DF81851B58B8826DB5 /* Frameworks */,
			);
			sourceTree = "<group>";
		};
		127CD52224074E85009E3951 /* Products */ = {
			isa = PBXGroup;
			children = (
				127CD52124074E85009E3951 /* Parstagram.app */,
				127CD53724074E8C009E3951 /* ParstagramTests.xctest */,
				127CD54224074E8C009E3951 /* ParstagramUITests.xctest */,
			);
			name = Products;
			sourceTree = "<group>";
		};
		127CD52324074E85009E3951 /* Parstagram */ = {
			isa = PBXGroup;
			children = (
				127CD52424074E85009E3951 /* AppDelegate.swift */,
				127CD52624074E85009E3951 /* SceneDelegate.swift */,
				127CD52A24074E85009E3951 /* Main.storyboard */,
				127CD52D24074E8C009E3951 /* Assets.xcassets */,
				127CD52F24074E8C009E3951 /* LaunchScreen.storyboard */,
				127CD53224074E8C009E3951 /* Info.plist */,
				12BF9A90240769BD001976CF /* LoginViewController.swift */,
				12BF9A92240769D3001976CF /* FeedViewController.swift */,
				12BF9A9424077EAC001976CF /* CameraViewController.swift */,
				12BF9A962407A3FE001976CF /* PostCell.swift */,
				12054808240A19650038DC44 /* CommentCell.swift */,
			);
			path = Parstagram;
			sourceTree = "<group>";
		};
		127CD53A24074E8C009E3951 /* ParstagramTests */ = {
			isa = PBXGroup;
			children = (
				127CD53B24074E8C009E3951 /* ParstagramTests.swift */,
				127CD53D24074E8C009E3951 /* Info.plist */,
			);
			path = ParstagramTests;
			sourceTree = "<group>";
		};
		127CD54524074E8C009E3951 /* ParstagramUITests */ = {
			isa = PBXGroup;
			children = (
				127CD54624074E8C009E3951 /* ParstagramUITests.swift */,
				127CD54824074E8C009E3951 /* Info.plist */,
			);
			path = ParstagramUITests;
			sourceTree = "<group>";
		};
		874883DF81851B58B8826DB5 /* Frameworks */ = {
			isa = PBXGroup;
			children = (
				6DD88FBD264635C95C6B5125 /* Pods_Parstagram.framework */,
				7B8C7E9E48727521C9C36CE3 /* Pods_Parstagram_ParstagramUITests.framework */,
				278B5EE35D0D71F306C42E6A /* Pods_ParstagramTests.framework */,
			);
			name = Frameworks;
			sourceTree = "<group>";
		};
		92B76D6D0ED4D01884F2264D /* Pods */ = {
			isa = PBXGroup;
			children = (
				3ACFE2CCF95DED9A5801137B /* Pods-Parstagram.debug.xcconfig */,
				7AAC7807008054D6FC9D5639 /* Pods-Parstagram.release.xcconfig */,
				A19C817800D6E25E5DCC34F8 /* Pods-Parstagram-ParstagramUITests.debug.xcconfig */,
				77E12C45A25B9F4173B46259 /* Pods-Parstagram-ParstagramUITests.release.xcconfig */,
				FFAE15E6C8FA0C5DAFCD54AF /* Pods-ParstagramTests.debug.xcconfig */,
				45055489E43D57DDB869C024 /* Pods-ParstagramTests.release.xcconfig */,
			);
			path = Pods;
			sourceTree = "<group>";
		};
/* End PBXGroup section */

/* Begin PBXNativeTarget section */
		127CD52024074E85009E3951 /* Parstagram */ = {
			isa = PBXNativeTarget;
			buildConfigurationList = 127CD54B24074E8C009E3951 /* Build configuration list for PBXNativeTarget "Parstagram" */;
			buildPhases = (
				1870A0DA5B09BA60E075CCE3 /* [CP] Check Pods Manifest.lock */,
				127CD51D24074E85009E3951 /* Sources */,
				127CD51E24074E85009E3951 /* Frameworks */,
				127CD51F24074E85009E3951 /* Resources */,
				113596D1C04B2D4E89976AA2 /* [CP] Embed Pods Frameworks */,
			);
			buildRules = (
			);
			dependencies = (
			);
			name = Parstagram;
			productName = Parstagram;
			productReference = 127CD52124074E85009E3951 /* Parstagram.app */;
			productType = "com.apple.product-type.application";
		};
		127CD53624074E8C009E3951 /* ParstagramTests */ = {
			isa = PBXNativeTarget;
			buildConfigurationList = 127CD54E24074E8C009E3951 /* Build configuration list for PBXNativeTarget "ParstagramTests" */;
			buildPhases = (
				EA19A0150758C41863179B98 /* [CP] Check Pods Manifest.lock */,
				127CD53324074E8C009E3951 /* Sources */,
				127CD53424074E8C009E3951 /* Frameworks */,
				127CD53524074E8C009E3951 /* Resources */,
			);
			buildRules = (
			);
			dependencies = (
				127CD53924074E8C009E3951 /* PBXTargetDependency */,
			);
			name = ParstagramTests;
			productName = ParstagramTests;
			productReference = 127CD53724074E8C009E3951 /* ParstagramTests.xctest */;
			productType = "com.apple.product-type.bundle.unit-test";
		};
		127CD54124074E8C009E3951 /* ParstagramUITests */ = {
			isa = PBXNativeTarget;
			buildConfigurationList = 127CD55124074E8C009E3951 /* Build configuration list for PBXNativeTarget "ParstagramUITests" */;
			buildPhases = (
				96FC305F33A2ADBCB1C9DA21 /* [CP] Check Pods Manifest.lock */,
				127CD53E24074E8C009E3951 /* Sources */,
				127CD53F24074E8C009E3951 /* Frameworks */,
				127CD54024074E8C009E3951 /* Resources */,
				F51F719A268A75E0C77A5427 /* [CP] Embed Pods Frameworks */,
			);
			buildRules = (
			);
			dependencies = (
				127CD54424074E8C009E3951 /* PBXTargetDependency */,
			);
			name = ParstagramUITests;
			productName = ParstagramUITests;
			productReference = 127CD54224074E8C009E3951 /* ParstagramUITests.xctest */;
			productType = "com.apple.product-type.bundle.ui-testing";
		};
/* End PBXNativeTarget section */

/* Begin PBXProject section */
		127CD51924074E85009E3951 /* Project object */ = {
			isa = PBXProject;
			attributes = {
				LastSwiftUpdateCheck = 1130;
				LastUpgradeCheck = 1130;
				ORGANIZATIONNAME = "Soyon Kim";
				TargetAttributes = {
					127CD52024074E85009E3951 = {
						CreatedOnToolsVersion = 11.3.1;
					};
					127CD53624074E8C009E3951 = {
						CreatedOnToolsVersion = 11.3.1;
						TestTargetID = 127CD52024074E85009E3951;
					};
					127CD54124074E8C009E3951 = {
						CreatedOnToolsVersion = 11.3.1;
						TestTargetID = 127CD52024074E85009E3951;
					};
				};
			};
			buildConfigurationList = 127CD51C24074E85009E3951 /* Build configuration list for PBXProject "Parstagram" */;
			compatibilityVersion = "Xcode 9.3";
			developmentRegion = en;
			hasScannedForEncodings = 0;
			knownRegions = (
				en,
				Base,
			);
			mainGroup = 127CD51824074E85009E3951;
			productRefGroup = 127CD52224074E85009E3951 /* Products */;
			projectDirPath = "";
			projectRoot = "";
			targets = (
				127CD52024074E85009E3951 /* Parstagram */,
				127CD53624074E8C009E3951 /* ParstagramTests */,
				127CD54124074E8C009E3951 /* ParstagramUITests */,
			);
		};
/* End PBXProject section */

/* Begin PBXResourcesBuildPhase section */
		127CD51F24074E85009E3951 /* Resources */ = {
			isa = PBXResourcesBuildPhase;
			buildActionMask = 2147483647;
			files = (
				127CD53124074E8C009E3951 /* LaunchScreen.storyboard in Resources */,
				127CD52E24074E8C009E3951 /* Assets.xcassets in Resources */,
				127CD52C24074E85009E3951 /* Main.storyboard in Resources */,
			);
			runOnlyForDeploymentPostprocessing = 0;
		};
		127CD53524074E8C009E3951 /* Resources */ = {
			isa = PBXResourcesBuildPhase;
			buildActionMask = 2147483647;
			files = (
			);
			runOnlyForDeploymentPostprocessing = 0;
		};
		127CD54024074E8C009E3951 /* Resources */ = {
			isa = PBXResourcesBuildPhase;
			buildActionMask = 2147483647;
			files = (
			);
			runOnlyForDeploymentPostprocessing = 0;
		};
/* End PBXResourcesBuildPhase section */

/* Begin PBXShellScriptBuildPhase section */
		113596D1C04B2D4E89976AA2 /* [CP] Embed Pods Frameworks */ = {
			isa = PBXShellScriptBuildPhase;
			buildActionMask = 2147483647;
			files = (
			);
			inputFileListPaths = (
				"${PODS_ROOT}/Target Support Files/Pods-Parstagram/Pods-Parstagram-frameworks-${CONFIGURATION}-input-files.xcfilelist",
			);
			name = "[CP] Embed Pods Frameworks";
			outputFileListPaths = (
				"${PODS_ROOT}/Target Support Files/Pods-Parstagram/Pods-Parstagram-frameworks-${CONFIGURATION}-output-files.xcfilelist",
			);
			runOnlyForDeploymentPostprocessing = 0;
			shellPath = /bin/sh;
			shellScript = "\"${PODS_ROOT}/Target Support Files/Pods-Parstagram/Pods-Parstagram-frameworks.sh\"\n";
			showEnvVarsInLog = 0;
		};
		1870A0DA5B09BA60E075CCE3 /* [CP] Check Pods Manifest.lock */ = {
			isa = PBXShellScriptBuildPhase;
			buildActionMask = 2147483647;
			files = (
			);
			inputFileListPaths = (
			);
			inputPaths = (
				"${PODS_PODFILE_DIR_PATH}/Podfile.lock",
				"${PODS_ROOT}/Manifest.lock",
			);
			name = "[CP] Check Pods Manifest.lock";
			outputFileListPaths = (
			);
			outputPaths = (
				"$(DERIVED_FILE_DIR)/Pods-Parstagram-checkManifestLockResult.txt",
			);
			runOnlyForDeploymentPostprocessing = 0;
			shellPath = /bin/sh;
			shellScript = "diff \"${PODS_PODFILE_DIR_PATH}/Podfile.lock\" \"${PODS_ROOT}/Manifest.lock\" > /dev/null\nif [ $? != 0 ] ; then\n    # print error to STDERR\n    echo \"error: The sandbox is not in sync with the Podfile.lock. Run 'pod install' or update your CocoaPods installation.\" >&2\n    exit 1\nfi\n# This output is used by Xcode 'outputs' to avoid re-running this script phase.\necho \"SUCCESS\" > \"${SCRIPT_OUTPUT_FILE_0}\"\n";
			showEnvVarsInLog = 0;
		};
		96FC305F33A2ADBCB1C9DA21 /* [CP] Check Pods Manifest.lock */ = {
			isa = PBXShellScriptBuildPhase;
			buildActionMask = 2147483647;
			files = (
			);
			inputFileListPaths = (
			);
			inputPaths = (
				"${PODS_PODFILE_DIR_PATH}/Podfile.lock",
				"${PODS_ROOT}/Manifest.lock",
			);
			name = "[CP] Check Pods Manifest.lock";
			outputFileListPaths = (
			);
			outputPaths = (
				"$(DERIVED_FILE_DIR)/Pods-Parstagram-ParstagramUITests-checkManifestLockResult.txt",
			);
			runOnlyForDeploymentPostprocessing = 0;
			shellPath = /bin/sh;
			shellScript = "diff \"${PODS_PODFILE_DIR_PATH}/Podfile.lock\" \"${PODS_ROOT}/Manifest.lock\" > /dev/null\nif [ $? != 0 ] ; then\n    # print error to STDERR\n    echo \"error: The sandbox is not in sync with the Podfile.lock. Run 'pod install' or update your CocoaPods installation.\" >&2\n    exit 1\nfi\n# This output is used by Xcode 'outputs' to avoid re-running this script phase.\necho \"SUCCESS\" > \"${SCRIPT_OUTPUT_FILE_0}\"\n";
			showEnvVarsInLog = 0;
		};
		EA19A0150758C41863179B98 /* [CP] Check Pods Manifest.lock */ = {
			isa = PBXShellScriptBuildPhase;
			buildActionMask = 2147483647;
			files = (
			);
			inputFileListPaths = (
			);
			inputPaths = (
				"${PODS_PODFILE_DIR_PATH}/Podfile.lock",
				"${PODS_ROOT}/Manifest.lock",
			);
			name = "[CP] Check Pods Manifest.lock";
			outputFileListPaths = (
			);
			outputPaths = (
				"$(DERIVED_FILE_DIR)/Pods-ParstagramTests-checkManifestLockResult.txt",
			);
			runOnlyForDeploymentPostprocessing = 0;
			shellPath = /bin/sh;
			shellScript = "diff \"${PODS_PODFILE_DIR_PATH}/Podfile.lock\" \"${PODS_ROOT}/Manifest.lock\" > /dev/null\nif [ $? != 0 ] ; then\n    # print error to STDERR\n    echo \"error: The sandbox is not in sync with the Podfile.lock. Run 'pod install' or update your CocoaPods installation.\" >&2\n    exit 1\nfi\n# This output is used by Xcode 'outputs' to avoid re-running this script phase.\necho \"SUCCESS\" > \"${SCRIPT_OUTPUT_FILE_0}\"\n";
			showEnvVarsInLog = 0;
		};
		F51F719A268A75E0C77A5427 /* [CP] Embed Pods Frameworks */ = {
			isa = PBXShellScriptBuildPhase;
			buildActionMask = 2147483647;
			files = (
			);
			inputFileListPaths = (
				"${PODS_ROOT}/Target Support Files/Pods-Parstagram-ParstagramUITests/Pods-Parstagram-ParstagramUITests-frameworks-${CONFIGURATION}-input-files.xcfilelist",
			);
			name = "[CP] Embed Pods Frameworks";
			outputFileListPaths = (
				"${PODS_ROOT}/Target Support Files/Pods-Parstagram-ParstagramUITests/Pods-Parstagram-ParstagramUITests-frameworks-${CONFIGURATION}-output-files.xcfilelist",
			);
			runOnlyForDeploymentPostprocessing = 0;
			shellPath = /bin/sh;
			shellScript = "\"${PODS_ROOT}/Target Support Files/Pods-Parstagram-ParstagramUITests/Pods-Parstagram-ParstagramUITests-frameworks.sh\"\n";
			showEnvVarsInLog = 0;
		};
/* End PBXShellScriptBuildPhase section */

/* Begin PBXSourcesBuildPhase section */
		127CD51D24074E85009E3951 /* Sources */ = {
			isa = PBXSourcesBuildPhase;
			buildActionMask = 2147483647;
			files = (
				12BF9A91240769BD001976CF /* LoginViewController.swift in Sources */,
				12BF9A9524077EAC001976CF /* CameraViewController.swift in Sources */,
				127CD52524074E85009E3951 /* AppDelegate.swift in Sources */,
				12BF9A93240769D4001976CF /* FeedViewController.swift in Sources */,
				127CD52724074E85009E3951 /* SceneDelegate.swift in Sources */,
				12BF9A972407A3FE001976CF /* PostCell.swift in Sources */,
				12054809240A19650038DC44 /* CommentCell.swift in Sources */,
			);
			runOnlyForDeploymentPostprocessing = 0;
		};
		127CD53324074E8C009E3951 /* Sources */ = {
			isa = PBXSourcesBuildPhase;
			buildActionMask = 2147483647;
			files = (
				127CD53C24074E8C009E3951 /* ParstagramTests.swift in Sources */,
			);
			runOnlyForDeploymentPostprocessing = 0;
		};
		127CD53E24074E8C009E3951 /* Sources */ = {
			isa = PBXSourcesBuildPhase;
			buildActionMask = 2147483647;
			files = (
				127CD54724074E8C009E3951 /* ParstagramUITests.swift in Sources */,
			);
			runOnlyForDeploymentPostprocessing = 0;
		};
/* End PBXSourcesBuildPhase section */

/* Begin PBXTargetDependency section */
		127CD53924074E8C009E3951 /* PBXTargetDependency */ = {
			isa = PBXTargetDependency;
			target = 127CD52024074E85009E3951 /* Parstagram */;
			targetProxy = 127CD53824074E8C009E3951 /* PBXContainerItemProxy */;
		};
		127CD54424074E8C009E3951 /* PBXTargetDependency */ = {
			isa = PBXTargetDependency;
			target = 127CD52024074E85009E3951 /* Parstagram */;
			targetProxy = 127CD54324074E8C009E3951 /* PBXContainerItemProxy */;
		};
/* End PBXTargetDependency section */

/* Begin PBXVariantGroup section */
		127CD52A24074E85009E3951 /* Main.storyboard */ = {
			isa = PBXVariantGroup;
			children = (
				127CD52B24074E85009E3951 /* Base */,
			);
			name = Main.storyboard;
			sourceTree = "<group>";
		};
		127CD52F24074E8C009E3951 /* LaunchScreen.storyboard */ = {
			isa = PBXVariantGroup;
			children = (
				127CD53024074E8C009E3951 /* Base */,
			);
			name = LaunchScreen.storyboard;
			sourceTree = "<group>";
		};
/* End PBXVariantGroup section */

/* Begin XCBuildConfiguration section */
		127CD54924074E8C009E3951 /* Debug */ = {
			isa = XCBuildConfiguration;
			buildSettings = {
				ALWAYS_SEARCH_USER_PATHS = NO;
				CLANG_ANALYZER_NONNULL = YES;
				CLANG_ANALYZER_NUMBER_OBJECT_CONVERSION = YES_AGGRESSIVE;
				CLANG_CXX_LANGUAGE_STANDARD = "gnu++14";
				CLANG_CXX_LIBRARY = "libc++";
				CLANG_ENABLE_MODULES = YES;
				CLANG_ENABLE_OBJC_ARC = YES;
				CLANG_ENABLE_OBJC_WEAK = YES;
				CLANG_WARN_BLOCK_CAPTURE_AUTORELEASING = YES;
				CLANG_WARN_BOOL_CONVERSION = YES;
				CLANG_WARN_COMMA = YES;
				CLANG_WARN_CONSTANT_CONVERSION = YES;
				CLANG_WARN_DEPRECATED_OBJC_IMPLEMENTATIONS = YES;
				CLANG_WARN_DIRECT_OBJC_ISA_USAGE = YES_ERROR;
				CLANG_WARN_DOCUMENTATION_COMMENTS = YES;
				CLANG_WARN_EMPTY_BODY = YES;
				CLANG_WARN_ENUM_CONVERSION = YES;
				CLANG_WARN_INFINITE_RECURSION = YES;
				CLANG_WARN_INT_CONVERSION = YES;
				CLANG_WARN_NON_LITERAL_NULL_CONVERSION = YES;
				CLANG_WARN_OBJC_IMPLICIT_RETAIN_SELF = YES;
				CLANG_WARN_OBJC_LITERAL_CONVERSION = YES;
				CLANG_WARN_OBJC_ROOT_CLASS = YES_ERROR;
				CLANG_WARN_RANGE_LOOP_ANALYSIS = YES;
				CLANG_WARN_STRICT_PROTOTYPES = YES;
				CLANG_WARN_SUSPICIOUS_MOVE = YES;
				CLANG_WARN_UNGUARDED_AVAILABILITY = YES_AGGRESSIVE;
				CLANG_WARN_UNREACHABLE_CODE = YES;
				CLANG_WARN__DUPLICATE_METHOD_MATCH = YES;
				COPY_PHASE_STRIP = NO;
				DEBUG_INFORMATION_FORMAT = dwarf;
				ENABLE_STRICT_OBJC_MSGSEND = YES;
				ENABLE_TESTABILITY = YES;
				GCC_C_LANGUAGE_STANDARD = gnu11;
				GCC_DYNAMIC_NO_PIC = NO;
				GCC_NO_COMMON_BLOCKS = YES;
				GCC_OPTIMIZATION_LEVEL = 0;
				GCC_PREPROCESSOR_DEFINITIONS = (
					"DEBUG=1",
					"$(inherited)",
				);
				GCC_WARN_64_TO_32_BIT_CONVERSION = YES;
				GCC_WARN_ABOUT_RETURN_TYPE = YES_ERROR;
				GCC_WARN_UNDECLARED_SELECTOR = YES;
				GCC_WARN_UNINITIALIZED_AUTOS = YES_AGGRESSIVE;
				GCC_WARN_UNUSED_FUNCTION = YES;
				GCC_WARN_UNUSED_VARIABLE = YES;
				IPHONEOS_DEPLOYMENT_TARGET = 13.2;
				MTL_ENABLE_DEBUG_INFO = INCLUDE_SOURCE;
				MTL_FAST_MATH = YES;
				ONLY_ACTIVE_ARCH = YES;
				SDKROOT = iphoneos;
				SWIFT_ACTIVE_COMPILATION_CONDITIONS = DEBUG;
				SWIFT_OPTIMIZATION_LEVEL = "-Onone";
			};
			name = Debug;
		};
		127CD54A24074E8C009E3951 /* Release */ = {
			isa = XCBuildConfiguration;
			buildSettings = {
				ALWAYS_SEARCH_USER_PATHS = NO;
				CLANG_ANALYZER_NONNULL = YES;
				CLANG_ANALYZER_NUMBER_OBJECT_CONVERSION = YES_AGGRESSIVE;
				CLANG_CXX_LANGUAGE_STANDARD = "gnu++14";
				CLANG_CXX_LIBRARY = "libc++";
				CLANG_ENABLE_MODULES = YES;
				CLANG_ENABLE_OBJC_ARC = YES;
				CLANG_ENABLE_OBJC_WEAK = YES;
				CLANG_WARN_BLOCK_CAPTURE_AUTORELEASING = YES;
				CLANG_WARN_BOOL_CONVERSION = YES;
				CLANG_WARN_COMMA = YES;
				CLANG_WARN_CONSTANT_CONVERSION = YES;
				CLANG_WARN_DEPRECATED_OBJC_IMPLEMENTATIONS = YES;
				CLANG_WARN_DIRECT_OBJC_ISA_USAGE = YES_ERROR;
				CLANG_WARN_DOCUMENTATION_COMMENTS = YES;
				CLANG_WARN_EMPTY_BODY = YES;
				CLANG_WARN_ENUM_CONVERSION = YES;
				CLANG_WARN_INFINITE_RECURSION = YES;
				CLANG_WARN_INT_CONVERSION = YES;
				CLANG_WARN_NON_LITERAL_NULL_CONVERSION = YES;
				CLANG_WARN_OBJC_IMPLICIT_RETAIN_SELF = YES;
				CLANG_WARN_OBJC_LITERAL_CONVERSION = YES;
				CLANG_WARN_OBJC_ROOT_CLASS = YES_ERROR;
				CLANG_WARN_RANGE_LOOP_ANALYSIS = YES;
				CLANG_WARN_STRICT_PROTOTYPES = YES;
				CLANG_WARN_SUSPICIOUS_MOVE = YES;
				CLANG_WARN_UNGUARDED_AVAILABILITY = YES_AGGRESSIVE;
				CLANG_WARN_UNREACHABLE_CODE = YES;
				CLANG_WARN__DUPLICATE_METHOD_MATCH = YES;
				COPY_PHASE_STRIP = NO;
				DEBUG_INFORMATION_FORMAT = "dwarf-with-dsym";
				ENABLE_NS_ASSERTIONS = NO;
				ENABLE_STRICT_OBJC_MSGSEND = YES;
				GCC_C_LANGUAGE_STANDARD = gnu11;
				GCC_NO_COMMON_BLOCKS = YES;
				GCC_WARN_64_TO_32_BIT_CONVERSION = YES;
				GCC_WARN_ABOUT_RETURN_TYPE = YES_ERROR;
				GCC_WARN_UNDECLARED_SELECTOR = YES;
				GCC_WARN_UNINITIALIZED_AUTOS = YES_AGGRESSIVE;
				GCC_WARN_UNUSED_FUNCTION = YES;
				GCC_WARN_UNUSED_VARIABLE = YES;
				IPHONEOS_DEPLOYMENT_TARGET = 13.2;
				MTL_ENABLE_DEBUG_INFO = NO;
				MTL_FAST_MATH = YES;
				SDKROOT = iphoneos;
				SWIFT_COMPILATION_MODE = wholemodule;
				SWIFT_OPTIMIZATION_LEVEL = "-O";
				VALIDATE_PRODUCT = YES;
			};
			name = Release;
		};
		127CD54C24074E8C009E3951 /* Debug */ = {
			isa = XCBuildConfiguration;
			baseConfigurationReference = 3ACFE2CCF95DED9A5801137B /* Pods-Parstagram.debug.xcconfig */;
			buildSettings = {
				ASSETCATALOG_COMPILER_APPICON_NAME = AppIcon;
				CODE_SIGN_STYLE = Automatic;
				DEVELOPMENT_TEAM = J6PHRH5947;
				INFOPLIST_FILE = Parstagram/Info.plist;
				LD_RUNPATH_SEARCH_PATHS = (
					"$(inherited)",
					"@executable_path/Frameworks",
				);
				PRODUCT_BUNDLE_IDENTIFIER = soyonkim00.Parstagram;
				PRODUCT_NAME = "$(TARGET_NAME)";
				SWIFT_VERSION = 5.0;
				TARGETED_DEVICE_FAMILY = "1,2";
			};
			name = Debug;
		};
		127CD54D24074E8C009E3951 /* Release */ = {
			isa = XCBuildConfiguration;
			baseConfigurationReference = 7AAC7807008054D6FC9D5639 /* Pods-Parstagram.release.xcconfig */;
			buildSettings = {
				ASSETCATALOG_COMPILER_APPICON_NAME = AppIcon;
				CODE_SIGN_STYLE = Automatic;
				DEVELOPMENT_TEAM = J6PHRH5947;
				INFOPLIST_FILE = Parstagram/Info.plist;
				LD_RUNPATH_SEARCH_PATHS = (
					"$(inherited)",
					"@executable_path/Frameworks",
				);
				PRODUCT_BUNDLE_IDENTIFIER = soyonkim00.Parstagram;
				PRODUCT_NAME = "$(TARGET_NAME)";
				SWIFT_VERSION = 5.0;
				TARGETED_DEVICE_FAMILY = "1,2";
			};
			name = Release;
		};
		127CD54F24074E8C009E3951 /* Debug */ = {
			isa = XCBuildConfiguration;
			baseConfigurationReference = FFAE15E6C8FA0C5DAFCD54AF /* Pods-ParstagramTests.debug.xcconfig */;
			buildSettings = {
				ALWAYS_EMBED_SWIFT_STANDARD_LIBRARIES = YES;
				BUNDLE_LOADER = "$(TEST_HOST)";
				CODE_SIGN_STYLE = Automatic;
				DEVELOPMENT_TEAM = J6PHRH5947;
				INFOPLIST_FILE = ParstagramTests/Info.plist;
				IPHONEOS_DEPLOYMENT_TARGET = 13.2;
				LD_RUNPATH_SEARCH_PATHS = (
					"$(inherited)",
					"@executable_path/Frameworks",
					"@loader_path/Frameworks",
				);
				PRODUCT_BUNDLE_IDENTIFIER = soyonkim00.ParstagramTests;
				PRODUCT_NAME = "$(TARGET_NAME)";
				SWIFT_VERSION = 5.0;
				TARGETED_DEVICE_FAMILY = "1,2";
				TEST_HOST = "$(BUILT_PRODUCTS_DIR)/Parstagram.app/Parstagram";
			};
			name = Debug;
		};
		127CD55024074E8C009E3951 /* Release */ = {
			isa = XCBuildConfiguration;
			baseConfigurationReference = 45055489E43D57DDB869C024 /* Pods-ParstagramTests.release.xcconfig */;
			buildSettings = {
				ALWAYS_EMBED_SWIFT_STANDARD_LIBRARIES = YES;
				BUNDLE_LOADER = "$(TEST_HOST)";
				CODE_SIGN_STYLE = Automatic;
				DEVELOPMENT_TEAM = J6PHRH5947;
				INFOPLIST_FILE = ParstagramTests/Info.plist;
				IPHONEOS_DEPLOYMENT_TARGET = 13.2;
				LD_RUNPATH_SEARCH_PATHS = (
					"$(inherited)",
					"@executable_path/Frameworks",
					"@loader_path/Frameworks",
				);
				PRODUCT_BUNDLE_IDENTIFIER = soyonkim00.ParstagramTests;
				PRODUCT_NAME = "$(TARGET_NAME)";
				SWIFT_VERSION = 5.0;
				TARGETED_DEVICE_FAMILY = "1,2";
				TEST_HOST = "$(BUILT_PRODUCTS_DIR)/Parstagram.app/Parstagram";
			};
			name = Release;
		};
		127CD55224074E8C009E3951 /* Debug */ = {
			isa = XCBuildConfiguration;
			baseConfigurationReference = A19C817800D6E25E5DCC34F8 /* Pods-Parstagram-ParstagramUITests.debug.xcconfig */;
			buildSettings = {
				ALWAYS_EMBED_SWIFT_STANDARD_LIBRARIES = YES;
				CODE_SIGN_STYLE = Automatic;
				DEVELOPMENT_TEAM = J6PHRH5947;
				INFOPLIST_FILE = ParstagramUITests/Info.plist;
				LD_RUNPATH_SEARCH_PATHS = (
					"$(inherited)",
					"@executable_path/Frameworks",
					"@loader_path/Frameworks",
				);
				PRODUCT_BUNDLE_IDENTIFIER = soyonkim00.ParstagramUITests;
				PRODUCT_NAME = "$(TARGET_NAME)";
				SWIFT_VERSION = 5.0;
				TARGETED_DEVICE_FAMILY = "1,2";
				TEST_TARGET_NAME = Parstagram;
			};
			name = Debug;
		};
		127CD55324074E8C009E3951 /* Release */ = {
			isa = XCBuildConfiguration;
			baseConfigurationReference = 77E12C45A25B9F4173B46259 /* Pods-Parstagram-ParstagramUITests.release.xcconfig */;
			buildSettings = {
				ALWAYS_EMBED_SWIFT_STANDARD_LIBRARIES = YES;
				CODE_SIGN_STYLE = Automatic;
				DEVELOPMENT_TEAM = J6PHRH5947;
				INFOPLIST_FILE = ParstagramUITests/Info.plist;
				LD_RUNPATH_SEARCH_PATHS = (
					"$(inherited)",
					"@executable_path/Frameworks",
					"@loader_path/Frameworks",
				);
				PRODUCT_BUNDLE_IDENTIFIER = soyonkim00.ParstagramUITests;
				PRODUCT_NAME = "$(TARGET_NAME)";
				SWIFT_VERSION = 5.0;
				TARGETED_DEVICE_FAMILY = "1,2";
				TEST_TARGET_NAME = Parstagram;
			};
			name = Release;
		};
/* End XCBuildConfiguration section */

/* Begin XCConfigurationList section */
		127CD51C24074E85009E3951 /* Build configuration list for PBXProject "Parstagram" */ = {
			isa = XCConfigurationList;
			buildConfigurations = (
				127CD54924074E8C009E3951 /* Debug */,
				127CD54A24074E8C009E3951 /* Release */,
			);
			defaultConfigurationIsVisible = 0;
			defaultConfigurationName = Release;
		};
		127CD54B24074E8C009E3951 /* Build configuration list for PBXNativeTarget "Parstagram" */ = {
			isa = XCConfigurationList;
			buildConfigurations = (
				127CD54C24074E8C009E3951 /* Debug */,
				127CD54D24074E8C009E3951 /* Release */,
			);
			defaultConfigurationIsVisible = 0;
			defaultConfigurationName = Release;
		};
		127CD54E24074E8C009E3951 /* Build configuration list for PBXNativeTarget "ParstagramTests" */ = {
			isa = XCConfigurationList;
			buildConfigurations = (
				127CD54F24074E8C009E3951 /* Debug */,
				127CD55024074E8C009E3951 /* Release */,
			);
			defaultConfigurationIsVisible = 0;
			defaultConfigurationName = Release;
		};
		127CD55124074E8C009E3951 /* Build configuration list for PBXNativeTarget "ParstagramUITests" */ = {
			isa = XCConfigurationList;
			buildConfigurations = (
				127CD55224074E8C009E3951 /* Debug */,
				127CD55324074E8C009E3951 /* Release */,
			);
			defaultConfigurationIsVisible = 0;
			defaultConfigurationName = Release;
		};
/* End XCConfigurationList section */
	};
	rootObject = 127CD51924074E85009E3951 /* Project object */;
}
